
Microsoft Visual Studio Solution File, Format Version 12.00
# Visual Studio Version 17
VisualStudioVersion = 17.8.34511.84
MinimumVisualStudioVersion = 10.0.40219.1
Project("{9A19103F-16F7-4668-BE54-9A1E7A4F7556}") = "TicTacToe", "TicTacToe\TicTacToe.csproj", "{B19753EA-1045-4990-90F4-3C3A6C01FCCD}"
EndProject
Project("{FAE04EC0-301F-11D3-BF4B-00C04F79EFBC}") = "SpecFlowTicTacToe", "SpecFlowTicTacToe\SpecFlowTicTacToe.csproj", "{83E31B1D-D18C-4ECF-9FB4-843C297391F6}"
EndProject
Global
	GlobalSection(SolutionConfigurationPlatforms) = preSolution
		Debug|Any CPU = Debug|Any CPU
		Release|Any CPU = Release|Any CPU
	EndGlobalSection
	GlobalSection(ProjectConfigurationPlatforms) = postSolution
		{B19753EA-1045-4990-90F4-3C3A6C01FCCD}.Debug|Any CPU.ActiveCfg = Debug|Any CPU
		{B19753EA-1045-4990-90F4-3C3A6C01FCCD}.Debug|Any CPU.Build.0 = Debug|Any CPU
		{B19753EA-1045-4990-90F4-3C3A6C01FCCD}.Release|Any CPU.ActiveCfg = Release|Any CPU
		{B19753EA-1045-4990-90F4-3C3A6C01FCCD}.Release|Any CPU.Build.0 = Release|Any CPU
		{83E31B1D-D18C-4ECF-9FB4-843C297391F6}.Debug|Any CPU.ActiveCfg = Debug|Any CPU
		{83E31B1D-D18C-4ECF-9FB4-843C297391F6}.Debug|Any CPU.Build.0 = Debug|Any CPU
		{83E31B1D-D18C-4ECF-9FB4-843C297391F6}.Release|Any CPU.ActiveCfg = Release|Any CPU
		{83E31B1D-D18C-4ECF-9FB4-843C297391F6}.Release|Any CPU.Build.0 = Release|Any CPU
	EndGlobalSection
	GlobalSection(SolutionProperties) = preSolution
		HideSolutionNode = FALSE
	EndGlobalSection
	GlobalSection(ExtensibilityGlobals) = postSolution
		SolutionGuid = {970E353F-8745-49AD-BF43-EB516432AEBF}
	EndGlobalSection
EndGlobal
